// !$*UTF8*$!
{
	archiveVersion = 1;
	classes = {
	};
	objectVersion = 56;
	objects = {

/* Begin PBXBuildFile section */
		A150A4A82CC5331C00A47BC3 /* LocationsView.swift in Sources */ = {isa = PBXBuildFile; fileRef = A150A4A72CC5331C00A47BC3 /* LocationsView.swift */; };
		A150A4AF2CC54C3500A47BC3 /* Locations.swift in Sources */ = {isa = PBXBuildFile; fileRef = A150A4AE2CC54C3500A47BC3 /* Locations.swift */; };
		A150A4B22CC54D3400A47BC3 /* LocationsViewModel.swift in Sources */ = {isa = PBXBuildFile; fileRef = A150A4B12CC54D3400A47BC3 /* LocationsViewModel.swift */; };
		A150A4B42CC54DD400A47BC3 /* LocationsViewState.swift in Sources */ = {isa = PBXBuildFile; fileRef = A150A4B32CC54DD400A47BC3 /* LocationsViewState.swift */; };
		A150A4BA2CC54FCB00A47BC3 /* Location.swift in Sources */ = {isa = PBXBuildFile; fileRef = A150A4B92CC54FCB00A47BC3 /* Location.swift */; };
		A150A4BC2CC591B900A47BC3 /* WikipediaUrlBuilder.swift in Sources */ = {isa = PBXBuildFile; fileRef = A150A4BB2CC591B900A47BC3 /* WikipediaUrlBuilder.swift */; };
		A150A4BF2CC59C3F00A47BC3 /* LocationsViewModelTests.swift in Sources */ = {isa = PBXBuildFile; fileRef = A150A4BE2CC59C3F00A47BC3 /* LocationsViewModelTests.swift */; };
		A150A4C12CC59D3A00A47BC3 /* LocationsRepository.swift in Sources */ = {isa = PBXBuildFile; fileRef = A150A4C02CC59D3A00A47BC3 /* LocationsRepository.swift */; };
		A150A4C42CC59E6700A47BC3 /* LocationsRepositoryMock.swift in Sources */ = {isa = PBXBuildFile; fileRef = A150A4C32CC59E6700A47BC3 /* LocationsRepositoryMock.swift */; };
		A150A4C62CC5A7E400A47BC3 /* LocationsViewModelDelegateMock.swift in Sources */ = {isa = PBXBuildFile; fileRef = A150A4C52CC5A7E400A47BC3 /* LocationsViewModelDelegateMock.swift */; };
		A150A4C82CC5A8B900A47BC3 /* Location+Mock.swift in Sources */ = {isa = PBXBuildFile; fileRef = A150A4C72CC5A8B900A47BC3 /* Location+Mock.swift */; };
		A153C6202AD43C830006C2BF /* AppDelegate.swift in Sources */ = {isa = PBXBuildFile; fileRef = A153C61F2AD43C830006C2BF /* AppDelegate.swift */; };
		A153C6292AD43C840006C2BF /* Assets.xcassets in Resources */ = {isa = PBXBuildFile; fileRef = A153C6282AD43C840006C2BF /* Assets.xcassets */; };
		A153C6372AD43C840006C2BF /* WikipediaUrlBuilderTests.swift in Sources */ = {isa = PBXBuildFile; fileRef = A153C6362AD43C840006C2BF /* WikipediaUrlBuilderTests.swift */; };
		A153C6522AD47F130006C2BF /* Networking in Frameworks */ = {isa = PBXBuildFile; productRef = A153C6512AD47F130006C2BF /* Networking */; };
		A153C6542AD47F130006C2BF /* Networking in Embed Frameworks */ = {isa = PBXBuildFile; productRef = A153C6512AD47F130006C2BF /* Networking */; settings = {ATTRIBUTES = (CodeSignOnCopy, ); }; };
		A153C6562AD4838D0006C2BF /* AppCoordinator.swift in Sources */ = {isa = PBXBuildFile; fileRef = A153C6552AD4838D0006C2BF /* AppCoordinator.swift */; };
/* End PBXBuildFile section */

/* Begin PBXContainerItemProxy section */
		A153C6332AD43C840006C2BF /* PBXContainerItemProxy */ = {
			isa = PBXContainerItemProxy;
			containerPortal = A153C6142AD43C830006C2BF /* Project object */;
			proxyType = 1;
			remoteGlobalIDString = A153C61B2AD43C830006C2BF;
			remoteInfo = Assignment;
		};
/* End PBXContainerItemProxy section */

/* Begin PBXCopyFilesBuildPhase section */
		A153C6532AD47F130006C2BF /* Embed Frameworks */ = {
			isa = PBXCopyFilesBuildPhase;
			buildActionMask = 2147483647;
			dstPath = "";
			dstSubfolderSpec = 10;
			files = (
				A153C6542AD47F130006C2BF /* Networking in Embed Frameworks */,
			);
			name = "Embed Frameworks";
			runOnlyForDeploymentPostprocessing = 0;
		};
/* End PBXCopyFilesBuildPhase section */

/* Begin PBXFileReference section */
		A150A4A72CC5331C00A47BC3 /* LocationsView.swift */ = {isa = PBXFileReference; lastKnownFileType = sourcecode.swift; path = LocationsView.swift; sourceTree = "<group>"; };
		A150A4AE2CC54C3500A47BC3 /* Locations.swift */ = {isa = PBXFileReference; lastKnownFileType = sourcecode.swift; path = Locations.swift; sourceTree = "<group>"; };
		A150A4B12CC54D3400A47BC3 /* LocationsViewModel.swift */ = {isa = PBXFileReference; lastKnownFileType = sourcecode.swift; path = LocationsViewModel.swift; sourceTree = "<group>"; };
		A150A4B32CC54DD400A47BC3 /* LocationsViewState.swift */ = {isa = PBXFileReference; lastKnownFileType = sourcecode.swift; path = LocationsViewState.swift; sourceTree = "<group>"; };
		A150A4B92CC54FCB00A47BC3 /* Location.swift */ = {isa = PBXFileReference; lastKnownFileType = sourcecode.swift; path = Location.swift; sourceTree = "<group>"; };
		A150A4BB2CC591B900A47BC3 /* WikipediaUrlBuilder.swift */ = {isa = PBXFileReference; lastKnownFileType = sourcecode.swift; path = WikipediaUrlBuilder.swift; sourceTree = "<group>"; };
		A150A4BE2CC59C3F00A47BC3 /* LocationsViewModelTests.swift */ = {isa = PBXFileReference; lastKnownFileType = sourcecode.swift; path = LocationsViewModelTests.swift; sourceTree = "<group>"; };
		A150A4C02CC59D3A00A47BC3 /* LocationsRepository.swift */ = {isa = PBXFileReference; lastKnownFileType = sourcecode.swift; path = LocationsRepository.swift; sourceTree = "<group>"; };
		A150A4C32CC59E6700A47BC3 /* LocationsRepositoryMock.swift */ = {isa = PBXFileReference; lastKnownFileType = sourcecode.swift; path = LocationsRepositoryMock.swift; sourceTree = "<group>"; };
		A150A4C52CC5A7E400A47BC3 /* LocationsViewModelDelegateMock.swift */ = {isa = PBXFileReference; lastKnownFileType = sourcecode.swift; path = LocationsViewModelDelegateMock.swift; sourceTree = "<group>"; };
		A150A4C72CC5A8B900A47BC3 /* Location+Mock.swift */ = {isa = PBXFileReference; lastKnownFileType = sourcecode.swift; path = "Location+Mock.swift"; sourceTree = "<group>"; };
		A153C61C2AD43C830006C2BF /* Assignment.app */ = {isa = PBXFileReference; explicitFileType = wrapper.application; includeInIndex = 0; path = Assignment.app; sourceTree = BUILT_PRODUCTS_DIR; };
		A153C61F2AD43C830006C2BF /* AppDelegate.swift */ = {isa = PBXFileReference; lastKnownFileType = sourcecode.swift; path = AppDelegate.swift; sourceTree = "<group>"; };
		A153C6282AD43C840006C2BF /* Assets.xcassets */ = {isa = PBXFileReference; lastKnownFileType = folder.assetcatalog; path = Assets.xcassets; sourceTree = "<group>"; };
		A153C62D2AD43C840006C2BF /* Info.plist */ = {isa = PBXFileReference; lastKnownFileType = text.plist.xml; path = Info.plist; sourceTree = "<group>"; };
		A153C6322AD43C840006C2BF /* AssignmentTests.xctest */ = {isa = PBXFileReference; explicitFileType = wrapper.cfbundle; includeInIndex = 0; path = AssignmentTests.xctest; sourceTree = BUILT_PRODUCTS_DIR; };
		A153C6362AD43C840006C2BF /* WikipediaUrlBuilderTests.swift */ = {isa = PBXFileReference; lastKnownFileType = sourcecode.swift; path = WikipediaUrlBuilderTests.swift; sourceTree = "<group>"; };
		A153C64F2AD43ECD0006C2BF /* Networking */ = {isa = PBXFileReference; lastKnownFileType = wrapper; path = Networking; sourceTree = "<group>"; };
		A153C6552AD4838D0006C2BF /* AppCoordinator.swift */ = {isa = PBXFileReference; lastKnownFileType = sourcecode.swift; path = AppCoordinator.swift; sourceTree = "<group>"; };
/* End PBXFileReference section */

/* Begin PBXFrameworksBuildPhase section */
		A153C6192AD43C830006C2BF /* Frameworks */ = {
			isa = PBXFrameworksBuildPhase;
			buildActionMask = 2147483647;
			files = (
				A153C6522AD47F130006C2BF /* Networking in Frameworks */,
			);
			runOnlyForDeploymentPostprocessing = 0;
		};
		A153C62F2AD43C840006C2BF /* Frameworks */ = {
			isa = PBXFrameworksBuildPhase;
			buildActionMask = 2147483647;
			files = (
			);
			runOnlyForDeploymentPostprocessing = 0;
		};
/* End PBXFrameworksBuildPhase section */

/* Begin PBXGroup section */
		A150A4A52CC531B700A47BC3 /* LocationsPage */ = {
			isa = PBXGroup;
			children = (
				A150A4B92CC54FCB00A47BC3 /* Location.swift */,
				A150A4AE2CC54C3500A47BC3 /* Locations.swift */,
				A150A4A72CC5331C00A47BC3 /* LocationsView.swift */,
				A150A4B12CC54D3400A47BC3 /* LocationsViewModel.swift */,
				A150A4B32CC54DD400A47BC3 /* LocationsViewState.swift */,
				A150A4C02CC59D3A00A47BC3 /* LocationsRepository.swift */,
			);
			path = LocationsPage;
			sourceTree = "<group>";
		};
		A150A4BD2CC5952300A47BC3 /* Utilities */ = {
			isa = PBXGroup;
			children = (
				A150A4BB2CC591B900A47BC3 /* WikipediaUrlBuilder.swift */,
			);
			path = Utilities;
			sourceTree = "<group>";
		};
		A150A4C22CC59E5900A47BC3 /* Mocks */ = {
			isa = PBXGroup;
			children = (
				A150A4C32CC59E6700A47BC3 /* LocationsRepositoryMock.swift */,
				A150A4C52CC5A7E400A47BC3 /* LocationsViewModelDelegateMock.swift */,
				A150A4C72CC5A8B900A47BC3 /* Location+Mock.swift */,
			);
			path = Mocks;
			sourceTree = "<group>";
		};
		A153C6132AD43C830006C2BF = {
			isa = PBXGroup;
			children = (
				A153C64F2AD43ECD0006C2BF /* Networking */,
				A153C61E2AD43C830006C2BF /* Assignment */,
				A153C6352AD43C840006C2BF /* AssignmentTests */,
				A153C61D2AD43C830006C2BF /* Products */,
				A153C6502AD47F130006C2BF /* Frameworks */,
			);
			sourceTree = "<group>";
		};
		A153C61D2AD43C830006C2BF /* Products */ = {
			isa = PBXGroup;
			children = (
				A153C61C2AD43C830006C2BF /* Assignment.app */,
				A153C6322AD43C840006C2BF /* AssignmentTests.xctest */,
			);
			name = Products;
			sourceTree = "<group>";
		};
		A153C61E2AD43C830006C2BF /* Assignment */ = {
			isa = PBXGroup;
			children = (
				A150A4BD2CC5952300A47BC3 /* Utilities */,
				A150A4A52CC531B700A47BC3 /* LocationsPage */,
				A153C61F2AD43C830006C2BF /* AppDelegate.swift */,
				A153C6282AD43C840006C2BF /* Assets.xcassets */,
				A153C62D2AD43C840006C2BF /* Info.plist */,
				A153C6552AD4838D0006C2BF /* AppCoordinator.swift */,
			);
			path = Assignment;
			sourceTree = "<group>";
		};
		A153C6352AD43C840006C2BF /* AssignmentTests */ = {
			isa = PBXGroup;
			children = (
				A150A4C22CC59E5900A47BC3 /* Mocks */,
				A153C6362AD43C840006C2BF /* WikipediaUrlBuilderTests.swift */,
				A150A4BE2CC59C3F00A47BC3 /* LocationsViewModelTests.swift */,
			);
			path = AssignmentTests;
			sourceTree = "<group>";
		};
		A153C6502AD47F130006C2BF /* Frameworks */ = {
			isa = PBXGroup;
			children = (
			);
			name = Frameworks;
			sourceTree = "<group>";
		};
/* End PBXGroup section */

/* Begin PBXNativeTarget section */
		A153C61B2AD43C830006C2BF /* Assignment */ = {
			isa = PBXNativeTarget;
			buildConfigurationList = A153C6462AD43C840006C2BF /* Build configuration list for PBXNativeTarget "Assignment" */;
			buildPhases = (
				A153C6182AD43C830006C2BF /* Sources */,
				A153C6192AD43C830006C2BF /* Frameworks */,
				A153C61A2AD43C830006C2BF /* Resources */,
				A153C6532AD47F130006C2BF /* Embed Frameworks */,
			);
			buildRules = (
			);
			dependencies = (
			);
			name = Assignment;
			packageProductDependencies = (
				A153C6512AD47F130006C2BF /* Networking */,
			);
			productName = Assignment;
			productReference = A153C61C2AD43C830006C2BF /* Assignment.app */;
			productType = "com.apple.product-type.application";
		};
		A153C6312AD43C840006C2BF /* AssignmentTests */ = {
			isa = PBXNativeTarget;
			buildConfigurationList = A153C6492AD43C840006C2BF /* Build configuration list for PBXNativeTarget "AssignmentTests" */;
			buildPhases = (
				A153C62E2AD43C840006C2BF /* Sources */,
				A153C62F2AD43C840006C2BF /* Frameworks */,
				A153C6302AD43C840006C2BF /* Resources */,
			);
			buildRules = (
			);
			dependencies = (
				A153C6342AD43C840006C2BF /* PBXTargetDependency */,
			);
			name = AssignmentTests;
			productName = AssignmentTests;
			productReference = A153C6322AD43C840006C2BF /* AssignmentTests.xctest */;
			productType = "com.apple.product-type.bundle.unit-test";
		};
/* End PBXNativeTarget section */

/* Begin PBXProject section */
		A153C6142AD43C830006C2BF /* Project object */ = {
			isa = PBXProject;
			attributes = {
				BuildIndependentTargetsInParallel = 1;
				LastSwiftUpdateCheck = 1500;
				LastUpgradeCheck = 1500;
				TargetAttributes = {
					A153C61B2AD43C830006C2BF = {
						CreatedOnToolsVersion = 15.0;
					};
					A153C6312AD43C840006C2BF = {
						CreatedOnToolsVersion = 15.0;
						TestTargetID = A153C61B2AD43C830006C2BF;
					};
				};
			};
			buildConfigurationList = A153C6172AD43C830006C2BF /* Build configuration list for PBXProject "Assignment" */;
			compatibilityVersion = "Xcode 14.0";
			developmentRegion = en;
			hasScannedForEncodings = 0;
			knownRegions = (
				en,
				Base,
			);
			mainGroup = A153C6132AD43C830006C2BF;
			productRefGroup = A153C61D2AD43C830006C2BF /* Products */;
			projectDirPath = "";
			projectRoot = "";
			targets = (
				A153C61B2AD43C830006C2BF /* Assignment */,
				A153C6312AD43C840006C2BF /* AssignmentTests */,
			);
		};
/* End PBXProject section */

/* Begin PBXResourcesBuildPhase section */
		A153C61A2AD43C830006C2BF /* Resources */ = {
			isa = PBXResourcesBuildPhase;
			buildActionMask = 2147483647;
			files = (
				A153C6292AD43C840006C2BF /* Assets.xcassets in Resources */,
			);
			runOnlyForDeploymentPostprocessing = 0;
		};
		A153C6302AD43C840006C2BF /* Resources */ = {
			isa = PBXResourcesBuildPhase;
			buildActionMask = 2147483647;
			files = (
			);
			runOnlyForDeploymentPostprocessing = 0;
		};
/* End PBXResourcesBuildPhase section */

/* Begin PBXSourcesBuildPhase section */
		A153C6182AD43C830006C2BF /* Sources */ = {
			isa = PBXSourcesBuildPhase;
			buildActionMask = 2147483647;
			files = (
				A153C6562AD4838D0006C2BF /* AppCoordinator.swift in Sources */,
				A150A4B22CC54D3400A47BC3 /* LocationsViewModel.swift in Sources */,
				A150A4A82CC5331C00A47BC3 /* LocationsView.swift in Sources */,
				A150A4BA2CC54FCB00A47BC3 /* Location.swift in Sources */,
				A150A4AF2CC54C3500A47BC3 /* Locations.swift in Sources */,
				A150A4BC2CC591B900A47BC3 /* WikipediaUrlBuilder.swift in Sources */,
				A150A4B42CC54DD400A47BC3 /* LocationsViewState.swift in Sources */,
				A150A4C12CC59D3A00A47BC3 /* LocationsRepository.swift in Sources */,
				A153C6202AD43C830006C2BF /* AppDelegate.swift in Sources */,
			);
			runOnlyForDeploymentPostprocessing = 0;
		};
		A153C62E2AD43C840006C2BF /* Sources */ = {
			isa = PBXSourcesBuildPhase;
			buildActionMask = 2147483647;
			files = (
				A150A4C82CC5A8B900A47BC3 /* Location+Mock.swift in Sources */,
				A150A4C62CC5A7E400A47BC3 /* LocationsViewModelDelegateMock.swift in Sources */,
				A153C6372AD43C840006C2BF /* WikipediaUrlBuilderTests.swift in Sources */,
				A150A4C42CC59E6700A47BC3 /* LocationsRepositoryMock.swift in Sources */,
				A150A4BF2CC59C3F00A47BC3 /* LocationsViewModelTests.swift in Sources */,
			);
			runOnlyForDeploymentPostprocessing = 0;
		};
/* End PBXSourcesBuildPhase section */

/* Begin PBXTargetDependency section */
		A153C6342AD43C840006C2BF /* PBXTargetDependency */ = {
			isa = PBXTargetDependency;
			target = A153C61B2AD43C830006C2BF /* Assignment */;
			targetProxy = A153C6332AD43C840006C2BF /* PBXContainerItemProxy */;
		};
/* End PBXTargetDependency section */

/* Begin XCBuildConfiguration section */
		A153C6442AD43C840006C2BF /* Debug */ = {
			isa = XCBuildConfiguration;
			buildSettings = {
				ALWAYS_SEARCH_USER_PATHS = NO;
				ASSETCATALOG_COMPILER_GENERATE_SWIFT_ASSET_SYMBOL_EXTENSIONS = YES;
				CLANG_ANALYZER_NONNULL = YES;
				CLANG_ANALYZER_NUMBER_OBJECT_CONVERSION = YES_AGGRESSIVE;
				CLANG_CXX_LANGUAGE_STANDARD = "gnu++20";
				CLANG_ENABLE_MODULES = YES;
				CLANG_ENABLE_OBJC_ARC = YES;
				CLANG_ENABLE_OBJC_WEAK = YES;
				CLANG_WARN_BLOCK_CAPTURE_AUTORELEASING = YES;
				CLANG_WARN_BOOL_CONVERSION = YES;
				CLANG_WARN_COMMA = YES;
				CLANG_WARN_CONSTANT_CONVERSION = YES;
				CLANG_WARN_DEPRECATED_OBJC_IMPLEMENTATIONS = YES;
				CLANG_WARN_DIRECT_OBJC_ISA_USAGE = YES_ERROR;
				CLANG_WARN_DOCUMENTATION_COMMENTS = YES;
				CLANG_WARN_EMPTY_BODY = YES;
				CLANG_WARN_ENUM_CONVERSION = YES;
				CLANG_WARN_INFINITE_RECURSION = YES;
				CLANG_WARN_INT_CONVERSION = YES;
				CLANG_WARN_NON_LITERAL_NULL_CONVERSION = YES;
				CLANG_WARN_OBJC_IMPLICIT_RETAIN_SELF = YES;
				CLANG_WARN_OBJC_LITERAL_CONVERSION = YES;
				CLANG_WARN_OBJC_ROOT_CLASS = YES_ERROR;
				CLANG_WARN_QUOTED_INCLUDE_IN_FRAMEWORK_HEADER = YES;
				CLANG_WARN_RANGE_LOOP_ANALYSIS = YES;
				CLANG_WARN_STRICT_PROTOTYPES = YES;
				CLANG_WARN_SUSPICIOUS_MOVE = YES;
				CLANG_WARN_UNGUARDED_AVAILABILITY = YES_AGGRESSIVE;
				CLANG_WARN_UNREACHABLE_CODE = YES;
				CLANG_WARN__DUPLICATE_METHOD_MATCH = YES;
				COPY_PHASE_STRIP = NO;
				DEBUG_INFORMATION_FORMAT = dwarf;
				ENABLE_STRICT_OBJC_MSGSEND = YES;
				ENABLE_TESTABILITY = YES;
				ENABLE_USER_SCRIPT_SANDBOXING = YES;
				GCC_C_LANGUAGE_STANDARD = gnu17;
				GCC_DYNAMIC_NO_PIC = NO;
				GCC_NO_COMMON_BLOCKS = YES;
				GCC_OPTIMIZATION_LEVEL = 0;
				GCC_PREPROCESSOR_DEFINITIONS = (
					"DEBUG=1",
					"$(inherited)",
				);
				GCC_WARN_64_TO_32_BIT_CONVERSION = YES;
				GCC_WARN_ABOUT_RETURN_TYPE = YES_ERROR;
				GCC_WARN_UNDECLARED_SELECTOR = YES;
				GCC_WARN_UNINITIALIZED_AUTOS = YES_AGGRESSIVE;
				GCC_WARN_UNUSED_FUNCTION = YES;
				GCC_WARN_UNUSED_VARIABLE = YES;
				IPHONEOS_DEPLOYMENT_TARGET = 17.0;
				LOCALIZATION_PREFERS_STRING_CATALOGS = YES;
				MTL_ENABLE_DEBUG_INFO = INCLUDE_SOURCE;
				MTL_FAST_MATH = YES;
				ONLY_ACTIVE_ARCH = YES;
				SDKROOT = iphoneos;
				SWIFT_ACTIVE_COMPILATION_CONDITIONS = "DEBUG $(inherited)";
				SWIFT_OPTIMIZATION_LEVEL = "-Onone";
			};
			name = Debug;
		};
		A153C6452AD43C840006C2BF /* Release */ = {
			isa = XCBuildConfiguration;
			buildSettings = {
				ALWAYS_SEARCH_USER_PATHS = NO;
				ASSETCATALOG_COMPILER_GENERATE_SWIFT_ASSET_SYMBOL_EXTENSIONS = YES;
				CLANG_ANALYZER_NONNULL = YES;
				CLANG_ANALYZER_NUMBER_OBJECT_CONVERSION = YES_AGGRESSIVE;
				CLANG_CXX_LANGUAGE_STANDARD = "gnu++20";
				CLANG_ENABLE_MODULES = YES;
				CLANG_ENABLE_OBJC_ARC = YES;
				CLANG_ENABLE_OBJC_WEAK = YES;
				CLANG_WARN_BLOCK_CAPTURE_AUTORELEASING = YES;
				CLANG_WARN_BOOL_CONVERSION = YES;
				CLANG_WARN_COMMA = YES;
				CLANG_WARN_CONSTANT_CONVERSION = YES;
				CLANG_WARN_DEPRECATED_OBJC_IMPLEMENTATIONS = YES;
				CLANG_WARN_DIRECT_OBJC_ISA_USAGE = YES_ERROR;
				CLANG_WARN_DOCUMENTATION_COMMENTS = YES;
				CLANG_WARN_EMPTY_BODY = YES;
				CLANG_WARN_ENUM_CONVERSION = YES;
				CLANG_WARN_INFINITE_RECURSION = YES;
				CLANG_WARN_INT_CONVERSION = YES;
				CLANG_WARN_NON_LITERAL_NULL_CONVERSION = YES;
				CLANG_WARN_OBJC_IMPLICIT_RETAIN_SELF = YES;
				CLANG_WARN_OBJC_LITERAL_CONVERSION = YES;
				CLANG_WARN_OBJC_ROOT_CLASS = YES_ERROR;
				CLANG_WARN_QUOTED_INCLUDE_IN_FRAMEWORK_HEADER = YES;
				CLANG_WARN_RANGE_LOOP_ANALYSIS = YES;
				CLANG_WARN_STRICT_PROTOTYPES = YES;
				CLANG_WARN_SUSPICIOUS_MOVE = YES;
				CLANG_WARN_UNGUARDED_AVAILABILITY = YES_AGGRESSIVE;
				CLANG_WARN_UNREACHABLE_CODE = YES;
				CLANG_WARN__DUPLICATE_METHOD_MATCH = YES;
				COPY_PHASE_STRIP = NO;
				DEBUG_INFORMATION_FORMAT = "dwarf-with-dsym";
				ENABLE_NS_ASSERTIONS = NO;
				ENABLE_STRICT_OBJC_MSGSEND = YES;
				ENABLE_USER_SCRIPT_SANDBOXING = YES;
				GCC_C_LANGUAGE_STANDARD = gnu17;
				GCC_NO_COMMON_BLOCKS = YES;
				GCC_WARN_64_TO_32_BIT_CONVERSION = YES;
				GCC_WARN_ABOUT_RETURN_TYPE = YES_ERROR;
				GCC_WARN_UNDECLARED_SELECTOR = YES;
				GCC_WARN_UNINITIALIZED_AUTOS = YES_AGGRESSIVE;
				GCC_WARN_UNUSED_FUNCTION = YES;
				GCC_WARN_UNUSED_VARIABLE = YES;
				IPHONEOS_DEPLOYMENT_TARGET = 17.0;
				LOCALIZATION_PREFERS_STRING_CATALOGS = YES;
				MTL_ENABLE_DEBUG_INFO = NO;
				MTL_FAST_MATH = YES;
				SDKROOT = iphoneos;
				SWIFT_COMPILATION_MODE = wholemodule;
				VALIDATE_PRODUCT = YES;
			};
			name = Release;
		};
		A153C6472AD43C840006C2BF /* Debug */ = {
			isa = XCBuildConfiguration;
			buildSettings = {
				ASSETCATALOG_COMPILER_APPICON_NAME = AppIcon;
				ASSETCATALOG_COMPILER_GLOBAL_ACCENT_COLOR_NAME = AccentColor;
				CODE_SIGN_STYLE = Automatic;
				CURRENT_PROJECT_VERSION = 1;
				DEVELOPMENT_TEAM = 5Y5LUM85A2;
				GENERATE_INFOPLIST_FILE = YES;
				INFOPLIST_FILE = Assignment/Info.plist;
				INFOPLIST_KEY_CFBundleDisplayName = locations;
				INFOPLIST_KEY_UIApplicationSupportsIndirectInputEvents = YES;
				INFOPLIST_KEY_UILaunchStoryboardName = LaunchScreen;
				INFOPLIST_KEY_UISupportedInterfaceOrientations = UIInterfaceOrientationPortrait;
				INFOPLIST_KEY_UISupportedInterfaceOrientations_iPad = "UIInterfaceOrientationLandscapeLeft UIInterfaceOrientationLandscapeRight UIInterfaceOrientationPortrait UIInterfaceOrientationPortraitUpsideDown";
				IPHONEOS_DEPLOYMENT_TARGET = 17.0;
				LD_RUNPATH_SEARCH_PATHS = (
					"$(inherited)",
					"@executable_path/Frameworks",
				);
				MARKETING_VERSION = 1.0;
				PRODUCT_BUNDLE_IDENTIFIER = nl.abnamro;
				PRODUCT_NAME = "$(TARGET_NAME)";
				SUPPORTED_PLATFORMS = "iphoneos iphonesimulator";
				SUPPORTS_MACCATALYST = NO;
				SUPPORTS_MAC_DESIGNED_FOR_IPHONE_IPAD = NO;
				SUPPORTS_XR_DESIGNED_FOR_IPHONE_IPAD = NO;
				SWIFT_EMIT_LOC_STRINGS = YES;
				SWIFT_VERSION = 5.0;
				TARGETED_DEVICE_FAMILY = 1;
			};
			name = Debug;
		};
		A153C6482AD43C840006C2BF /* Release */ = {
			isa = XCBuildConfiguration;
			buildSettings = {
				ASSETCATALOG_COMPILER_APPICON_NAME = AppIcon;
				ASSETCATALOG_COMPILER_GLOBAL_ACCENT_COLOR_NAME = AccentColor;
				CODE_SIGN_STYLE = Automatic;
				CURRENT_PROJECT_VERSION = 1;
				DEVELOPMENT_TEAM = 5Y5LUM85A2;
				GENERATE_INFOPLIST_FILE = YES;
				INFOPLIST_FILE = Assignment/Info.plist;
				INFOPLIST_KEY_CFBundleDisplayName = locations;
				INFOPLIST_KEY_UIApplicationSupportsIndirectInputEvents = YES;
				INFOPLIST_KEY_UILaunchStoryboardName = LaunchScreen;
				INFOPLIST_KEY_UISupportedInterfaceOrientations = UIInterfaceOrientationPortrait;
				INFOPLIST_KEY_UISupportedInterfaceOrientations_iPad = "UIInterfaceOrientationLandscapeLeft UIInterfaceOrientationLandscapeRight UIInterfaceOrientationPortrait UIInterfaceOrientationPortraitUpsideDown";
				IPHONEOS_DEPLOYMENT_TARGET = 17.0;
				LD_RUNPATH_SEARCH_PATHS = (
					"$(inherited)",
					"@executable_path/Frameworks",
				);
				MARKETING_VERSION = 1.0;
				PRODUCT_BUNDLE_IDENTIFIER = nl.abnamro;
				PRODUCT_NAME = "$(TARGET_NAME)";
				SUPPORTED_PLATFORMS = "iphoneos iphonesimulator";
				SUPPORTS_MACCATALYST = NO;
				SUPPORTS_MAC_DESIGNED_FOR_IPHONE_IPAD = NO;
				SUPPORTS_XR_DESIGNED_FOR_IPHONE_IPAD = NO;
				SWIFT_EMIT_LOC_STRINGS = YES;
				SWIFT_VERSION = 5.0;
				TARGETED_DEVICE_FAMILY = 1;
			};
			name = Release;
		};
		A153C64A2AD43C840006C2BF /* Debug */ = {
			isa = XCBuildConfiguration;
			buildSettings = {
				ALWAYS_EMBED_SWIFT_STANDARD_LIBRARIES = YES;
				BUNDLE_LOADER = "$(TEST_HOST)";
				CODE_SIGN_STYLE = Automatic;
				CURRENT_PROJECT_VERSION = 1;
				DEVELOPMENT_TEAM = 5Y5LUM85A2;
				GENERATE_INFOPLIST_FILE = YES;
				IPHONEOS_DEPLOYMENT_TARGET = 17.0;
				MARKETING_VERSION = 1.0;
				PRODUCT_BUNDLE_IDENTIFIER = assigment.AssignmentTests;
				PRODUCT_NAME = "$(TARGET_NAME)";
				SUPPORTED_PLATFORMS = "iphoneos iphonesimulator";
				SUPPORTS_MACCATALYST = NO;
				SUPPORTS_MAC_DESIGNED_FOR_IPHONE_IPAD = NO;
				SUPPORTS_XR_DESIGNED_FOR_IPHONE_IPAD = NO;
				SWIFT_EMIT_LOC_STRINGS = NO;
				SWIFT_VERSION = 5.0;
				TARGETED_DEVICE_FAMILY = 1;
				TEST_HOST = "$(BUILT_PRODUCTS_DIR)/Assignment.app/$(BUNDLE_EXECUTABLE_FOLDER_PATH)/Assignment";
			};
			name = Debug;
		};
		A153C64B2AD43C840006C2BF /* Release */ = {
			isa = XCBuildConfiguration;
			buildSettings = {
				ALWAYS_EMBED_SWIFT_STANDARD_LIBRARIES = YES;
				BUNDLE_LOADER = "$(TEST_HOST)";
				CODE_SIGN_STYLE = Automatic;
				CURRENT_PROJECT_VERSION = 1;
				DEVELOPMENT_TEAM = 5Y5LUM85A2;
				GENERATE_INFOPLIST_FILE = YES;
				IPHONEOS_DEPLOYMENT_TARGET = 17.0;
				MARKETING_VERSION = 1.0;
				PRODUCT_BUNDLE_IDENTIFIER = assigment.AssignmentTests;
				PRODUCT_NAME = "$(TARGET_NAME)";
				SUPPORTED_PLATFORMS = "iphoneos iphonesimulator";
				SUPPORTS_MACCATALYST = NO;
				SUPPORTS_MAC_DESIGNED_FOR_IPHONE_IPAD = NO;
				SUPPORTS_XR_DESIGNED_FOR_IPHONE_IPAD = NO;
				SWIFT_EMIT_LOC_STRINGS = NO;
				SWIFT_VERSION = 5.0;
				TARGETED_DEVICE_FAMILY = 1;
				TEST_HOST = "$(BUILT_PRODUCTS_DIR)/Assignment.app/$(BUNDLE_EXECUTABLE_FOLDER_PATH)/Assignment";
			};
			name = Release;
		};
/* End XCBuildConfiguration section */

/* Begin XCConfigurationList section */
		A153C6172AD43C830006C2BF /* Build configuration list for PBXProject "Assignment" */ = {
			isa = XCConfigurationList;
			buildConfigurations = (
				A153C6442AD43C840006C2BF /* Debug */,
				A153C6452AD43C840006C2BF /* Release */,
			);
			defaultConfigurationIsVisible = 0;
			defaultConfigurationName = Release;
		};
		A153C6462AD43C840006C2BF /* Build configuration list for PBXNativeTarget "Assignment" */ = {
			isa = XCConfigurationList;
			buildConfigurations = (
				A153C6472AD43C840006C2BF /* Debug */,
				A153C6482AD43C840006C2BF /* Release */,
			);
			defaultConfigurationIsVisible = 0;
			defaultConfigurationName = Release;
		};
		A153C6492AD43C840006C2BF /* Build configuration list for PBXNativeTarget "AssignmentTests" */ = {
			isa = XCConfigurationList;
			buildConfigurations = (
				A153C64A2AD43C840006C2BF /* Debug */,
				A153C64B2AD43C840006C2BF /* Release */,
			);
			defaultConfigurationIsVisible = 0;
			defaultConfigurationName = Release;
		};
/* End XCConfigurationList section */

/* Begin XCSwiftPackageProductDependency section */
		A153C6512AD47F130006C2BF /* Networking */ = {
			isa = XCSwiftPackageProductDependency;
			productName = Networking;
		};
/* End XCSwiftPackageProductDependency section */
	};
	rootObject = A153C6142AD43C830006C2BF /* Project object */;
}
